
Microsoft Visual Studio Solution File, Format Version 12.00
# Visual Studio 15
VisualStudioVersion = 15.0.28307.1622
MinimumVisualStudioVersion = 10.0.40219.1
Project("{FAE04EC0-301F-11D3-BF4B-00C04F79EFBC}") = "QuestionsFormsTest", "QuestionsFormsTest\QuestionsFormsTest.csproj", "{450656E6-969A-42D7-A505-A050D5EE3087}"
EndProject
Project("{2150E333-8FDC-42A3-9474-1A3956D46DE8}") = "Solution Items", "Solution Items", "{4E6ECE95-3DFA-41CA-997D-5AFE5BB7D72F}"
	ProjectSection(SolutionItems) = preProject
		..\..\..\Desktop\QuestionsQuerys.sql = ..\..\..\Desktop\QuestionsQuerys.sql
	EndProjectSection
EndProject
Project("{FAE04EC0-301F-11D3-BF4B-00C04F79EFBC}") = "QuestionDatabase", "QuestionDatabase\QuestionDatabase.csproj", "{A63C6101-46DC-400E-82C8-04208AFD4B98}"
EndProject
Project("{FAE04EC0-301F-11D3-BF4B-00C04F79EFBC}") = "LoggerUtils", "LoggerUtils\LoggerUtils.csproj", "{416FE0F4-598E-44E7-BEEA-B6A3F4DADD83}"
EndProject
Project("{FAE04EC0-301F-11D3-BF4B-00C04F79EFBC}") = "ResultCodes", "ResultCodes\ResultCodes.csproj", "{206269F4-7FF5-4261-82CC-2082D14836B1}"
EndProject
Global
	GlobalSection(SolutionConfigurationPlatforms) = preSolution
		Debug|Any CPU = Debug|Any CPU
		Release|Any CPU = Release|Any CPU
	EndGlobalSection
	GlobalSection(ProjectConfigurationPlatforms) = postSolution
		{450656E6-969A-42D7-A505-A050D5EE3087}.Debug|Any CPU.ActiveCfg = Debug|Any CPU
		{450656E6-969A-42D7-A505-A050D5EE3087}.Debug|Any CPU.Build.0 = Debug|Any CPU
		{450656E6-969A-42D7-A505-A050D5EE3087}.Release|Any CPU.ActiveCfg = Release|Any CPU
		{450656E6-969A-42D7-A505-A050D5EE3087}.Release|Any CPU.Build.0 = Release|Any CPU
		{A63C6101-46DC-400E-82C8-04208AFD4B98}.Debug|Any CPU.ActiveCfg = Debug|Any CPU
		{A63C6101-46DC-400E-82C8-04208AFD4B98}.Debug|Any CPU.Build.0 = Debug|Any CPU
		{A63C6101-46DC-400E-82C8-04208AFD4B98}.Release|Any CPU.ActiveCfg = Release|Any CPU
		{A63C6101-46DC-400E-82C8-04208AFD4B98}.Release|Any CPU.Build.0 = Release|Any CPU
		{416FE0F4-598E-44E7-BEEA-B6A3F4DADD83}.Debug|Any CPU.ActiveCfg = Debug|Any CPU
		{416FE0F4-598E-44E7-BEEA-B6A3F4DADD83}.Debug|Any CPU.Build.0 = Debug|Any CPU
		{416FE0F4-598E-44E7-BEEA-B6A3F4DADD83}.Release|Any CPU.ActiveCfg = Release|Any CPU
		{416FE0F4-598E-44E7-BEEA-B6A3F4DADD83}.Release|Any CPU.Build.0 = Release|Any CPU
		{206269F4-7FF5-4261-82CC-2082D14836B1}.Debug|Any CPU.ActiveCfg = Debug|Any CPU
		{206269F4-7FF5-4261-82CC-2082D14836B1}.Debug|Any CPU.Build.0 = Debug|Any CPU
		{206269F4-7FF5-4261-82CC-2082D14836B1}.Release|Any CPU.ActiveCfg = Release|Any CPU
		{206269F4-7FF5-4261-82CC-2082D14836B1}.Release|Any CPU.Build.0 = Release|Any CPU
	EndGlobalSection
	GlobalSection(SolutionProperties) = preSolution
		HideSolutionNode = FALSE
	EndGlobalSection
	GlobalSection(ExtensibilityGlobals) = postSolution
		SolutionGuid = {0C045D22-5124-45A4-BB7B-A64BE74480FA}
	EndGlobalSection
EndGlobal
